
Microsoft Visual Studio Solution File, Format Version 12.00
# Visual Studio Version 16
VisualStudioVersion = 16.0.30011.22
MinimumVisualStudioVersion = 10.0.40219.1
Project("{FAE04EC0-301F-11D3-BF4B-00C04F79EFBC}") = "AppChisoftInstaller", "AppChisoftInstaller\AppChisoftInstaller.csproj", "{4B333FDA-4BED-4A9A-8DF5-83474142DD77}"
EndProject
Project("{54435603-DBB4-11D2-8724-00A0C9A8B90C}") = "Setup", "Setup\Setup.vdproj", "{B9FBACA9-CDF2-427F-9C4F-103DF89FDB99}"
EndProject
Global
	GlobalSection(SolutionConfigurationPlatforms) = preSolution
		Debug|Any CPU = Debug|Any CPU
		Release|Any CPU = Release|Any CPU
	EndGlobalSection
	GlobalSection(ProjectConfigurationPlatforms) = postSolution
		{4B333FDA-4BED-4A9A-8DF5-83474142DD77}.Debug|Any CPU.ActiveCfg = Release|Any CPU
		{4B333FDA-4BED-4A9A-8DF5-83474142DD77}.Debug|Any CPU.Build.0 = Release|Any CPU
		{4B333FDA-4BED-4A9A-8DF5-83474142DD77}.Release|Any CPU.ActiveCfg = Release|Any CPU
		{4B333FDA-4BED-4A9A-8DF5-83474142DD77}.Release|Any CPU.Build.0 = Release|Any CPU
		{B9FBACA9-CDF2-427F-9C4F-103DF89FDB99}.Debug|Any CPU.ActiveCfg = Debug
		{B9FBACA9-CDF2-427F-9C4F-103DF89FDB99}.Release|Any CPU.ActiveCfg = Release
	EndGlobalSection
	GlobalSection(SolutionProperties) = preSolution
		HideSolutionNode = FALSE
	EndGlobalSection
	GlobalSection(ExtensibilityGlobals) = postSolution
		SolutionGuid = {C5212C00-BC3C-45A1-872D-BDBC36074E78}
	EndGlobalSection
EndGlobal
